{
  "name": "emotionalgifs",
  "version": "1.0.0",
  "lockfileVersion": 1,
  "requires": true,
  "dependencies": {
    "dotenv": {
      "version": "16.0.1",
      "resolved": "https://registry.npmjs.org/dotenv/-/dotenv-16.0.1.tgz",
      "integrity": "sha512-1K6hR6wtk2FviQ4kEiSjFiH5rpzEVi8WW0x96aztHVMhEspNpc4DVOUTEHtEva5VThQ8IaBX1Pe4gSzpVVUsKQ=="
    },
    "node-fetch": {
      "version": "2.6.1",
      "resolved": "https://registry.npmjs.org/node-fetch/-/node-fetch-2.6.1.tgz",
      "integrity": "sha512-V4aYg89jEoVRxRb2fJdAg8FHvI7cEyYdVAh94HH0UIK8oJxUfkjlDQN9RbMx+bEjP7+ggMiFRprSti032Oipxw=="
    },
    "parse-multipart": {
      "version": "1.0.4",
      "resolved": "https://registry.npmjs.org/parse-multipart/-/parse-multipart-1.0.4.tgz",
      "integrity": "sha512-BQBmA/1qJzNnrPnRUzJhqGwbybsXa6Ot8vII5w+JT8gp2p7h9oWHwgAc29ohp669ZPzIy9izLi8ali9ngGmuAQ=="
    }
  }
}
